# This file is automatically @generated by Cargo.
# It is not intended for manual editing.
version = 4

[[package]]
name = "array"
version = "0.1.0"

[[package]]
name = "double_pointer"
version = "0.1.0"

[[package]]
name = "graph"
version = "0.1.0"

[[package]]
name = "hash"
version = "0.1.0"

[[package]]
name = "linked_list"
version = "0.1.0"

[[package]]
name = "matrix"
version = "0.1.0"

[[package]]
name = "sliding_window"
version = "0.1.0"

[[package]]
name = "sub_sequence"
version = "0.1.0"

[[package]]
name = "tree"
version = "0.1.0"
